<?xml version="1.0" encoding="utf-8"?>
<Project ToolsVersion="4.0" xmlns="http://schemas.microsoft.com/developer/msbuild/2003">
  <ItemGroup>
    <ClInclude Include="debug\cJSON.h">
      <Filter>debug</Filter>
    </ClInclude>
    <ClInclude Include="debug\cJSON_Utils.h">
      <Filter>debug</Filter>
    </ClInclude>
    <ClInclude Include="game\ballistics\bfg.h">
      <Filter>game\ballistics</Filter>
    </ClInclude>
    <ClInclude Include="game\ballistics\blaster.h">
      <Filter>game\ballistics</Filter>
    </ClInclude>
    <ClInclude Include="game\ballistics\bullet.h">
      <Filter>game\ballistics</Filter>
    </ClInclude>
    <ClInclude Include="game\ballistics\grenade.h">
      <Filter>game\ballistics</Filter>
    </ClInclude>
    <ClInclude Include="game\ballistics\hit.h">
      <Filter>game\ballistics</Filter>
    </ClInclude>
    <ClInclude Include="game\ballistics\rail.h">
      <Filter>game\ballistics</Filter>
    </ClInclude>
    <ClInclude Include="game\ballistics\rocket.h">
      <Filter>game\ballistics</Filter>
    </ClInclude>
    <ClInclude Include="game\ctf\grapple.h">
      <Filter>game\ctf</Filter>
    </ClInclude>
    <ClInclude Include="game\items\entity.h">
      <Filter>game\items</Filter>
    </ClInclude>
    <ClInclude Include="game\items\armor.h">
      <Filter>game\items</Filter>
    </ClInclude>
    <ClInclude Include="game\items\general.h">
      <Filter>game\items</Filter>
    </ClInclude>
    <ClInclude Include="game\items\health.h">
      <Filter>game\items</Filter>
    </ClInclude>
    <ClInclude Include="game\items\itemlist.h">
      <Filter>game\items</Filter>
    </ClInclude>
    <ClInclude Include="game\items\keys.h">
      <Filter>game\items</Filter>
    </ClInclude>
    <ClInclude Include="game\items\powerups.h">
      <Filter>game\items</Filter>
    </ClInclude>
    <ClInclude Include="game\items\weaponry.h">
      <Filter>game\items</Filter>
    </ClInclude>
    <ClInclude Include="game\monster\flash.h">
      <Filter>game\monster</Filter>
    </ClInclude>
    <ClInclude Include="game\monster\infantry_model.h">
      <Filter>game\monster</Filter>
    </ClInclude>
    <ClInclude Include="game\monster\soldier_model.h">
      <Filter>game\monster</Filter>
    </ClInclude>
    <ClInclude Include="game\weaponry\bfg.h">
      <Filter>game\weaponry</Filter>
    </ClInclude>
    <ClInclude Include="game\weaponry\blaster.h">
      <Filter>game\weaponry</Filter>
    </ClInclude>
    <ClInclude Include="game\weaponry\grenadelauncher.h">
      <Filter>game\weaponry</Filter>
    </ClInclude>
    <ClInclude Include="game\weaponry\chaingun.h">
      <Filter>game\weaponry</Filter>
    </ClInclude>
    <ClInclude Include="game\weaponry\handgrenade.h">
      <Filter>game\weaponry</Filter>
    </ClInclude>
    <ClInclude Include="game\weaponry\hyperblaster.h">
      <Filter>game\weaponry</Filter>
    </ClInclude>
    <ClInclude Include="game\weaponry\machinegun.h">
      <Filter>game\weaponry</Filter>
    </ClInclude>
    <ClInclude Include="game\weaponry\railgun.h">
      <Filter>game\weaponry</Filter>
    </ClInclude>
    <ClInclude Include="game\weaponry\shotgun.h">
      <Filter>game\weaponry</Filter>
    </ClInclude>
    <ClInclude Include="game\weaponry\rocketlauncher.h">
      <Filter>game\weaponry</Filter>
    </ClInclude>
    <ClInclude Include="game\weaponry\supershotgun.h">
      <Filter>game\weaponry</Filter>
    </ClInclude>
    <ClInclude Include="game\ai.h">
      <Filter>game</Filter>
    </ClInclude>
    <ClInclude Include="game\ballistics.h">
      <Filter>game</Filter>
    </ClInclude>
    <ClInclude Include="game\chase.h">
      <Filter>game</Filter>
    </ClInclude>
    <ClInclude Include="game\client.h">
      <Filter>game</Filter>
    </ClInclude>
    <ClInclude Include="game\cmds.h">
      <Filter>game</Filter>
    </ClInclude>
    <ClInclude Include="game\combat.h">
      <Filter>game</Filter>
    </ClInclude>
    <ClInclude Include="game\entity_types.h">
      <Filter>game</Filter>
    </ClInclude>
    <ClInclude Include="game\entity.h">
      <Filter>game</Filter>
    </ClInclude>
    <ClInclude Include="game\func.h">
      <Filter>game</Filter>
    </ClInclude>
    <ClInclude Include="game\game.h">
      <Filter>game</Filter>
    </ClInclude>
    <ClInclude Include="game\hud.h">
      <Filter>game</Filter>
    </ClInclude>
    <ClInclude Include="game\misc.h">
      <Filter>game</Filter>
    </ClInclude>
    <ClInclude Include="game\monster.h">
      <Filter>game</Filter>
    </ClInclude>
    <ClInclude Include="game\move.h">
      <Filter>game</Filter>
    </ClInclude>
    <ClInclude Include="game\phys.h">
      <Filter>game</Filter>
    </ClInclude>
    <ClInclude Include="game\player_frames.h">
      <Filter>game</Filter>
    </ClInclude>
    <ClInclude Include="game\player.h">
      <Filter>game</Filter>
    </ClInclude>
    <ClInclude Include="game\spawn.h">
      <Filter>game</Filter>
    </ClInclude>
    <ClInclude Include="game\svcmds.h">
      <Filter>game</Filter>
    </ClInclude>
    <ClInclude Include="game\target.h">
      <Filter>game</Filter>
    </ClInclude>
    <ClInclude Include="game\trail.h">
      <Filter>game</Filter>
    </ClInclude>
    <ClInclude Include="game\util.h">
      <Filter>game</Filter>
    </ClInclude>
    <ClInclude Include="game\trigger.h">
      <Filter>game</Filter>
    </ClInclude>
    <ClInclude Include="game\view.h">
      <Filter>game</Filter>
    </ClInclude>
    <ClInclude Include="game\weaponry.h">
      <Filter>game</Filter>
    </ClInclude>
    <ClInclude Include="lib\math\random.h">
      <Filter>lib\math</Filter>
    </ClInclude>
    <ClInclude Include="lib\math\vector.h">
      <Filter>lib\math</Filter>
    </ClInclude>
    <ClInclude Include="lib\string\format.h">
      <Filter>lib\string</Filter>
    </ClInclude>
    <ClInclude Include="lib\types\allocator.h">
      <Filter>lib\types</Filter>
    </ClInclude>
    <ClInclude Include="lib\types\array.h">
      <Filter>lib\types</Filter>
    </ClInclude>
    <ClInclude Include="lib\types\dynarray.h">
      <Filter>lib\types</Filter>
    </ClInclude>
    <ClInclude Include="lib\types\enum.h">
      <Filter>lib\types</Filter>
    </ClInclude>
    <ClInclude Include="lib\types\map.h">
      <Filter>lib\types</Filter>
    </ClInclude>
    <ClInclude Include="lib\types\set.h">
      <Filter>lib\types</Filter>
    </ClInclude>
    <ClInclude Include="lib\gi.h">
      <Filter>lib</Filter>
    </ClInclude>
    <ClInclude Include="lib\info.h">
      <Filter>lib</Filter>
    </ClInclude>
    <ClInclude Include="lib\math.h">
      <Filter>lib</Filter>
    </ClInclude>
    <ClInclude Include="lib\protocol.h">
      <Filter>lib</Filter>
    </ClInclude>
    <ClInclude Include="lib\string.h">
      <Filter>lib</Filter>
    </ClInclude>
    <ClInclude Include="lib\types.h">
      <Filter>lib</Filter>
    </ClInclude>
    <ClInclude Include="config.h" />
    <ClInclude Include="game\savables.h">
      <Filter>game</Filter>
    </ClInclude>
    <ClInclude Include="game\xatrix\ballistics\trap.h">
      <Filter>game\xatrix\ballistics</Filter>
    </ClInclude>
    <ClInclude Include="game\xatrix\weaponry\trap.h">
      <Filter>game\xatrix\weaponry</Filter>
    </ClInclude>
    <ClInclude Include="game\xatrix\items.h">
      <Filter>game\xatrix</Filter>
    </ClInclude>
    <ClInclude Include="game\xatrix\weaponry\ionripper.h">
      <Filter>game\xatrix\weaponry</Filter>
    </ClInclude>
    <ClInclude Include="game\xatrix\ballistics\ionripper.h">
      <Filter>game\xatrix\ballistics</Filter>
    </ClInclude>
    <ClInclude Include="game\xatrix\ballistics\plasma.h">
      <Filter>game\xatrix\ballistics</Filter>
    </ClInclude>
    <ClInclude Include="game\xatrix\weaponry\phalanx.h">
      <Filter>game\xatrix\weaponry</Filter>
    </ClInclude>
    <ClInclude Include="game\xatrix\monster.h">
      <Filter>game\xatrix</Filter>
    </ClInclude>
    <ClInclude Include="game\statusbar.h">
      <Filter>game</Filter>
    </ClInclude>
    <ClInclude Include="game\xatrix\misc.h">
      <Filter>game\xatrix</Filter>
    </ClInclude>
    <ClInclude Include="game\xatrix\monster\fixbot_model.h">
      <Filter>game\xatrix\monster</Filter>
    </ClInclude>
    <ClInclude Include="game\xatrix\monster\gekk_model.h">
      <Filter>game\xatrix\monster</Filter>
    </ClInclude>
    <ClInclude Include="game\monster\gunner_model.h">
      <Filter>game\monster</Filter>
    </ClInclude>
    <ClInclude Include="game\rogue\ai.h">
      <Filter>game\rogue</Filter>
    </ClInclude>
    <ClInclude Include="game\monster\berserk_model.h">
      <Filter>game\monster</Filter>
    </ClInclude>
    <ClInclude Include="game\monster\flyer_model.h">
      <Filter>game\monster</Filter>
    </ClInclude>
    <ClInclude Include="game\monster\insane_model.h">
      <Filter>game\monster</Filter>
    </ClInclude>
    <ClInclude Include="game\rogue\ballistics\flechette.h">
      <Filter>game\rogue\ballistics</Filter>
    </ClInclude>
    <ClInclude Include="game\rogue\ballistics\prox.h">
      <Filter>game\rogue\ballistics</Filter>
    </ClInclude>
    <ClInclude Include="game\rogue\ballistics\melee.h">
      <Filter>game\rogue\ballistics</Filter>
    </ClInclude>
    <ClInclude Include="game\rogue\ballistics\nuke.h">
      <Filter>game\rogue\ballistics</Filter>
    </ClInclude>
    <ClInclude Include="game\rogue\ballistics\tesla.h">
      <Filter>game\rogue\ballistics</Filter>
    </ClInclude>
    <ClInclude Include="game\rogue\ballistics\heatbeam.h">
      <Filter>game\rogue\ballistics</Filter>
    </ClInclude>
    <ClInclude Include="game\rogue\ballistics\tracker.h">
      <Filter>game\rogue\ballistics</Filter>
    </ClInclude>
    <ClInclude Include="game\rogue\weaponry\tesla.h">
      <Filter>game\rogue\weaponry</Filter>
    </ClInclude>
    <ClInclude Include="game\rogue\weaponry\chainfist.h">
      <Filter>game\rogue\weaponry</Filter>
    </ClInclude>
    <ClInclude Include="game\rogue\weaponry\disruptor.h">
      <Filter>game\rogue\weaponry</Filter>
    </ClInclude>
    <ClInclude Include="game\rogue\weaponry\etf_rifle.h">
      <Filter>game\rogue\weaponry</Filter>
    </ClInclude>
    <ClInclude Include="game\rogue\weaponry\heatbeam.h">
      <Filter>game\rogue\weaponry</Filter>
    </ClInclude>
    <ClInclude Include="game\rogue\items.h">
      <Filter>game\rogue</Filter>
    </ClInclude>
    <ClInclude Include="game\game_types.h">
      <Filter>game</Filter>
    </ClInclude>
    <ClInclude Include="game\rogue\func.h">
      <Filter>game\rogue</Filter>
    </ClInclude>
    <ClInclude Include="game\monster\medic_model.h">
      <Filter>game\monster</Filter>
    </ClInclude>
    <ClInclude Include="game\rogue\monster.h">
      <Filter>game\rogue</Filter>
    </ClInclude>
    <ClInclude Include="game\monster\medic.h">
      <Filter>game\monster</Filter>
    </ClInclude>
    <ClInclude Include="game\monster\gladiator_model.h">
      <Filter>game\monster</Filter>
    </ClInclude>
    <ClInclude Include="game\xatrix\monster\gekk.h">
      <Filter>game\xatrix\monster</Filter>
    </ClInclude>
    <ClInclude Include="game\xatrix\monster\fixbot.h">
      <Filter>game\xatrix\monster</Filter>
    </ClInclude>
    <ClInclude Include="game\xatrix\func.h">
      <Filter>game\xatrix</Filter>
    </ClInclude>
    <ClInclude Include="game\monster\soldier.h">
      <Filter>game\monster</Filter>
    </ClInclude>
    <ClInclude Include="game\monster\infantry.h">
      <Filter>game\monster</Filter>
    </ClInclude>
    <ClInclude Include="game\monster\gunner.h">
      <Filter>game\monster</Filter>
    </ClInclude>
    <ClInclude Include="game\monster\gladiator.h">
      <Filter>game\monster</Filter>
    </ClInclude>
    <ClInclude Include="lib\math\bbox.h">
      <Filter>lib\math</Filter>
    </ClInclude>
  </ItemGroup>
  <ItemGroup>
    <ClCompile Include="main.cpp" />
    <ClCompile Include="lib\info.cpp">
      <Filter>lib</Filter>
    </ClCompile>
    <ClCompile Include="game\chase.cpp">
      <Filter>game</Filter>
    </ClCompile>
    <ClCompile Include="game\cmds.cpp">
      <Filter>game</Filter>
    </ClCompile>
    <ClCompile Include="game\func.cpp">
      <Filter>game</Filter>
    </ClCompile>
    <ClCompile Include="game\game.cpp">
      <Filter>game</Filter>
    </ClCompile>
    <ClCompile Include="game\misc.cpp">
      <Filter>game</Filter>
    </ClCompile>
    <ClCompile Include="game\phys.cpp">
      <Filter>game</Filter>
    </ClCompile>
    <ClCompile Include="game\player.cpp">
      <Filter>game</Filter>
    </ClCompile>
    <ClCompile Include="game\spawn.cpp">
      <Filter>game</Filter>
    </ClCompile>
    <ClCompile Include="game\svcmds.cpp">
      <Filter>game</Filter>
    </ClCompile>
    <ClCompile Include="game\target.cpp">
      <Filter>game</Filter>
    </ClCompile>
    <ClCompile Include="game\trigger.cpp">
      <Filter>game</Filter>
    </ClCompile>
    <ClCompile Include="game\move.cpp">
      <Filter>game</Filter>
    </ClCompile>
    <ClCompile Include="game\monster.cpp">
      <Filter>game</Filter>
    </ClCompile>
    <ClCompile Include="game\ai.cpp">
      <Filter>game</Filter>
    </ClCompile>
    <ClCompile Include="debug\cJSON.c">
      <Filter>debug</Filter>
    </ClCompile>
    <ClCompile Include="debug\cJSON_Utils.c">
      <Filter>debug</Filter>
    </ClCompile>
    <ClCompile Include="game\monster\soldier.cpp">
      <Filter>game\monster</Filter>
    </ClCompile>
    <ClCompile Include="game\monster\infantry.cpp">
      <Filter>game\monster</Filter>
    </ClCompile>
    <ClCompile Include="game\items\itemlist.cpp">
      <Filter>game\items</Filter>
    </ClCompile>
    <ClCompile Include="game\weaponry\handgrenade.cpp">
      <Filter>game\weaponry</Filter>
    </ClCompile>
    <ClCompile Include="game\combat.cpp">
      <Filter>game</Filter>
    </ClCompile>
    <ClCompile Include="lib\types\allocator.cpp">
      <Filter>lib\types</Filter>
    </ClCompile>
    <ClCompile Include="lib\math\random.cpp">
      <Filter>lib\math</Filter>
    </ClCompile>
    <ClCompile Include="lib\string\format.cpp">
      <Filter>lib\string</Filter>
    </ClCompile>
    <ClCompile Include="lib\protocol.cpp">
      <Filter>lib</Filter>
    </ClCompile>
    <ClCompile Include="lib\gi.cpp">
      <Filter>lib</Filter>
    </ClCompile>
    <ClCompile Include="game\trail.cpp">
      <Filter>game</Filter>
    </ClCompile>
    <ClCompile Include="game\view.cpp">
      <Filter>game</Filter>
    </ClCompile>
    <ClCompile Include="game\util.cpp">
      <Filter>game</Filter>
    </ClCompile>
    <ClCompile Include="game\ballistics\bullet.cpp">
      <Filter>game\ballistics</Filter>
    </ClCompile>
    <ClCompile Include="game\ballistics\rail.cpp">
      <Filter>game\ballistics</Filter>
    </ClCompile>
    <ClCompile Include="game\ballistics\hit.cpp">
      <Filter>game\ballistics</Filter>
    </ClCompile>
    <ClCompile Include="game\ballistics\grenade.cpp">
      <Filter>game\ballistics</Filter>
    </ClCompile>
    <ClCompile Include="game\ballistics\rocket.cpp">
      <Filter>game\ballistics</Filter>
    </ClCompile>
    <ClCompile Include="game\ballistics\blaster.cpp">
      <Filter>game\ballistics</Filter>
    </ClCompile>
    <ClCompile Include="game\ballistics\bfg.cpp">
      <Filter>game\ballistics</Filter>
    </ClCompile>
    <ClCompile Include="game\weaponry\bfg.cpp">
      <Filter>game\weaponry</Filter>
    </ClCompile>
    <ClCompile Include="game\weaponry\blaster.cpp">
      <Filter>game\weaponry</Filter>
    </ClCompile>
    <ClCompile Include="game\weaponry\chaingun.cpp">
      <Filter>game\weaponry</Filter>
    </ClCompile>
    <ClCompile Include="game\weaponry\grenadelauncher.cpp">
      <Filter>game\weaponry</Filter>
    </ClCompile>
    <ClCompile Include="game\weaponry.cpp">
      <Filter>game</Filter>
    </ClCompile>
    <ClCompile Include="game\ballistics.cpp">
      <Filter>game</Filter>
    </ClCompile>
    <ClCompile Include="game\items\armor.cpp">
      <Filter>game\items</Filter>
    </ClCompile>
    <ClCompile Include="game\items\general.cpp">
      <Filter>game\items</Filter>
    </ClCompile>
    <ClCompile Include="game\items\entity.cpp">
      <Filter>game\items</Filter>
    </ClCompile>
    <ClCompile Include="game\items\health.cpp">
      <Filter>game\items</Filter>
    </ClCompile>
    <ClCompile Include="game\hud.cpp">
      <Filter>game</Filter>
    </ClCompile>
    <ClCompile Include="game\items\weaponry.cpp">
      <Filter>game\items</Filter>
    </ClCompile>
    <ClCompile Include="game\items\powerups.cpp">
      <Filter>game\items</Filter>
    </ClCompile>
    <ClCompile Include="game\items\keys.cpp">
      <Filter>game\items</Filter>
    </ClCompile>
    <ClCompile Include="game\weaponry\shotgun.cpp">
      <Filter>game\weaponry</Filter>
    </ClCompile>
    <ClCompile Include="game\weaponry\supershotgun.cpp">
      <Filter>game\weaponry</Filter>
    </ClCompile>
    <ClCompile Include="game\weaponry\rocketlauncher.cpp">
      <Filter>game\weaponry</Filter>
    </ClCompile>
    <ClCompile Include="game\weaponry\railgun.cpp">
      <Filter>game\weaponry</Filter>
    </ClCompile>
    <ClCompile Include="game\weaponry\machinegun.cpp">
      <Filter>game\weaponry</Filter>
    </ClCompile>
    <ClCompile Include="game\weaponry\hyperblaster.cpp">
      <Filter>game\weaponry</Filter>
    </ClCompile>
    <ClCompile Include="game\savables.cpp">
      <Filter>game</Filter>
    </ClCompile>
    <ClCompile Include="game\xatrix\ballistics\trap.cpp">
      <Filter>game\xatrix\ballistics</Filter>
    </ClCompile>
    <ClCompile Include="game\xatrix\weaponry\trap.cpp">
      <Filter>game\xatrix\weaponry</Filter>
    </ClCompile>
    <ClCompile Include="game\xatrix\items.cpp">
      <Filter>game\xatrix</Filter>
    </ClCompile>
    <ClCompile Include="game\xatrix\weaponry\ionripper.cpp">
      <Filter>game\xatrix\weaponry</Filter>
    </ClCompile>
    <ClCompile Include="game\xatrix\ballistics\ionripper.cpp">
      <Filter>game\xatrix\ballistics</Filter>
    </ClCompile>
    <ClCompile Include="game\xatrix\ballistics\plasma.cpp">
      <Filter>game\xatrix\ballistics</Filter>
    </ClCompile>
    <ClCompile Include="game\xatrix\weaponry\phalanx.cpp">
      <Filter>game\xatrix\weaponry</Filter>
    </ClCompile>
    <ClCompile Include="game\xatrix\monster.cpp">
      <Filter>game\xatrix</Filter>
    </ClCompile>
    <ClCompile Include="game\statusbar.cpp">
      <Filter>game</Filter>
    </ClCompile>
    <ClCompile Include="game\xatrix\monster\gekk.cpp">
      <Filter>game\xatrix\monster</Filter>
    </ClCompile>
    <ClCompile Include="game\xatrix\misc.cpp">
      <Filter>game\xatrix</Filter>
    </ClCompile>
    <ClCompile Include="game\xatrix\monster\fixbot.cpp">
      <Filter>game\xatrix\monster</Filter>
    </ClCompile>
    <ClCompile Include="game\xatrix\func.cpp">
      <Filter>game\xatrix</Filter>
    </ClCompile>
    <ClCompile Include="game\xatrix\target.cpp">
      <Filter>game\xatrix</Filter>
    </ClCompile>
    <ClCompile Include="game\monster\gunner.cpp">
      <Filter>game\monster</Filter>
    </ClCompile>
    <ClCompile Include="game\rogue\ai.cpp">
      <Filter>game\rogue</Filter>
    </ClCompile>
    <ClCompile Include="game\monster\berserk.cpp">
      <Filter>game\monster</Filter>
    </ClCompile>
    <ClCompile Include="game\monster\flyer.cpp">
      <Filter>game\monster</Filter>
    </ClCompile>
    <ClCompile Include="game\monster\insane.cpp">
      <Filter>game\monster</Filter>
    </ClCompile>
    <ClCompile Include="game\ctf\grapple.cpp">
      <Filter>game\ctf</Filter>
    </ClCompile>
    <ClCompile Include="game\rogue\ballistics\flechette.cpp">
      <Filter>game\rogue\ballistics</Filter>
    </ClCompile>
    <ClCompile Include="game\rogue\ballistics\prox.cpp">
      <Filter>game\rogue\ballistics</Filter>
    </ClCompile>
    <ClCompile Include="game\rogue\ballistics\melee.cpp">
      <Filter>game\rogue\ballistics</Filter>
    </ClCompile>
    <ClCompile Include="game\rogue\ballistics\nuke.cpp">
      <Filter>game\rogue\ballistics</Filter>
    </ClCompile>
    <ClCompile Include="game\rogue\ballistics\tesla.cpp">
      <Filter>game\rogue\ballistics</Filter>
    </ClCompile>
    <ClCompile Include="game\rogue\ballistics\heatbeam.cpp">
      <Filter>game\rogue\ballistics</Filter>
    </ClCompile>
    <ClCompile Include="game\rogue\ballistics\tracker.cpp">
      <Filter>game\rogue\ballistics</Filter>
    </ClCompile>
    <ClCompile Include="game\rogue\weaponry\tesla.cpp">
      <Filter>game\rogue\weaponry</Filter>
    </ClCompile>
    <ClCompile Include="game\rogue\weaponry\chainfist.cpp">
      <Filter>game\rogue\weaponry</Filter>
    </ClCompile>
    <ClCompile Include="game\rogue\weaponry\disruptor.cpp">
      <Filter>game\rogue\weaponry</Filter>
    </ClCompile>
    <ClCompile Include="game\rogue\weaponry\etf_rifle.cpp">
      <Filter>game\rogue\weaponry</Filter>
    </ClCompile>
    <ClCompile Include="game\rogue\weaponry\heatbeam.cpp">
      <Filter>game\rogue\weaponry</Filter>
    </ClCompile>
    <ClCompile Include="game\rogue\items.cpp">
      <Filter>game\rogue</Filter>
    </ClCompile>
    <ClCompile Include="game\rogue\func.cpp">
      <Filter>game\rogue</Filter>
    </ClCompile>
    <ClCompile Include="game\entity_types.cpp">
      <Filter>game</Filter>
    </ClCompile>
    <ClCompile Include="game\monster\medic.cpp">
      <Filter>game\monster</Filter>
    </ClCompile>
    <ClCompile Include="game\rogue\monster.cpp">
      <Filter>game\rogue</Filter>
    </ClCompile>
    <ClCompile Include="game\monster\gladiator.cpp">
      <Filter>game\monster</Filter>
    </ClCompile>
  </ItemGroup>
  <ItemGroup>
    <None Include="game.def" />
  </ItemGroup>
  <ItemGroup>
    <Filter Include="lib">
      <UniqueIdentifier>{946cdebf-9928-4a73-96dd-f62827bfa684}</UniqueIdentifier>
    </Filter>
    <Filter Include="game">
      <UniqueIdentifier>{556c6885-c7c6-4af0-8c0b-6bffede326aa}</UniqueIdentifier>
    </Filter>
    <Filter Include="debug">
      <UniqueIdentifier>{ddbe8874-f3a1-4e94-97bb-f9a89f088257}</UniqueIdentifier>
    </Filter>
    <Filter Include="game\monster">
      <UniqueIdentifier>{f2e71e64-35a0-4782-aff7-9aba7538e13d}</UniqueIdentifier>
    </Filter>
    <Filter Include="game\items">
      <UniqueIdentifier>{61efa178-1e13-459b-bec3-78e7483f0b97}</UniqueIdentifier>
    </Filter>
    <Filter Include="game\weaponry">
      <UniqueIdentifier>{a8aff95a-ece9-42f2-8c3a-20452960190c}</UniqueIdentifier>
    </Filter>
    <Filter Include="game\ctf">
      <UniqueIdentifier>{a479d034-7bb0-48fd-b734-5962391249ff}</UniqueIdentifier>
    </Filter>
    <Filter Include="game\ballistics">
      <UniqueIdentifier>{81310529-3eb9-42bd-83c9-b829eb772ee6}</UniqueIdentifier>
    </Filter>
    <Filter Include="lib\math">
      <UniqueIdentifier>{d54eb22f-50fe-456f-a3df-391aab6440e8}</UniqueIdentifier>
    </Filter>
    <Filter Include="lib\types">
      <UniqueIdentifier>{0276ddc5-d603-4cb5-b0f2-a2101df2671d}</UniqueIdentifier>
    </Filter>
    <Filter Include="lib\string">
      <UniqueIdentifier>{7b380818-7dfe-44a7-8826-de5015ae0b4d}</UniqueIdentifier>
    </Filter>
    <Filter Include="game\xatrix">
      <UniqueIdentifier>{2579472c-623b-4444-97c9-e35654eb11e4}</UniqueIdentifier>
    </Filter>
    <Filter Include="game\xatrix\weaponry">
      <UniqueIdentifier>{a693a9b3-c782-498b-9e3d-e8aae7bcafa4}</UniqueIdentifier>
    </Filter>
    <Filter Include="game\xatrix\ballistics">
      <UniqueIdentifier>{dd49e1d2-59c8-4d25-b994-e7400b35361b}</UniqueIdentifier>
    </Filter>
    <Filter Include="game\xatrix\monster">
      <UniqueIdentifier>{c6ba6bc0-245e-450e-baba-82c840d3c094}</UniqueIdentifier>
    </Filter>
    <Filter Include="game\rogue">
      <UniqueIdentifier>{a8b88873-c39c-4849-88b5-10106a71e9ac}</UniqueIdentifier>
    </Filter>
    <Filter Include="game\rogue\ballistics">
      <UniqueIdentifier>{fb6e9876-69b0-4a7f-963d-b348363ed31e}</UniqueIdentifier>
    </Filter>
    <Filter Include="game\rogue\weaponry">
      <UniqueIdentifier>{5c189b9b-8c6b-4127-868c-4a30315fb7a8}</UniqueIdentifier>
    </Filter>
  </ItemGroup>
</Project>